
Microsoft Visual Studio Solution File, Format Version 12.00
# Visual Studio Version 17
VisualStudioVersion = 17.3.32901.215
MinimumVisualStudioVersion = 10.0.40219.1
Project("{9A19103F-16F7-4668-BE54-9A1E7A4F7556}") = "CreateSelfSignedCert", "CreateSelfSignedCert\CreateSelfSignedCert.csproj", "{F65AD1B1-1A7B-447B-9C3B-7924C98D767F}"
EndProject
Project("{9A19103F-16F7-4668-BE54-9A1E7A4F7556}") = "WebAppWithSelfSignedCert", "WebAppWithSelfSignedCert\WebAppWithSelfSignedCert.csproj", "{73CFA723-5A0C-4BA0-B2F4-D98253FE9CDB}"
EndProject
Global
	GlobalSection(SolutionConfigurationPlatforms) = preSolution
		Debug|Any CPU = Debug|Any CPU
		Release|Any CPU = Release|Any CPU
	EndGlobalSection
	GlobalSection(ProjectConfigurationPlatforms) = postSolution
		{F65AD1B1-1A7B-447B-9C3B-7924C98D767F}.Debug|Any CPU.ActiveCfg = Debug|Any CPU
		{F65AD1B1-1A7B-447B-9C3B-7924C98D767F}.Debug|Any CPU.Build.0 = Debug|Any CPU
		{F65AD1B1-1A7B-447B-9C3B-7924C98D767F}.Release|Any CPU.ActiveCfg = Release|Any CPU
		{F65AD1B1-1A7B-447B-9C3B-7924C98D767F}.Release|Any CPU.Build.0 = Release|Any CPU
		{73CFA723-5A0C-4BA0-B2F4-D98253FE9CDB}.Debug|Any CPU.ActiveCfg = Debug|Any CPU
		{73CFA723-5A0C-4BA0-B2F4-D98253FE9CDB}.Debug|Any CPU.Build.0 = Debug|Any CPU
		{73CFA723-5A0C-4BA0-B2F4-D98253FE9CDB}.Release|Any CPU.ActiveCfg = Release|Any CPU
		{73CFA723-5A0C-4BA0-B2F4-D98253FE9CDB}.Release|Any CPU.Build.0 = Release|Any CPU
	EndGlobalSection
	GlobalSection(SolutionProperties) = preSolution
		HideSolutionNode = FALSE
	EndGlobalSection
	GlobalSection(ExtensibilityGlobals) = postSolution
		SolutionGuid = {DD1DB94A-B82F-4AB5-A81F-FE9DEBC798D0}
	EndGlobalSection
EndGlobal
