
Microsoft Visual Studio Solution File, Format Version 12.00
# Visual Studio Version 17
VisualStudioVersion = 17.3.32901.215
MinimumVisualStudioVersion = 10.0.40219.1
Project("{FAE04EC0-301F-11D3-BF4B-00C04F79EFBC}") = "CreateSelfSignedCert", "CreateSelfSignedCert.csproj", "{468A1CFB-F89B-4BAA-9CB2-C6D318173C5E}"
EndProject
Global
	GlobalSection(SolutionConfigurationPlatforms) = preSolution
		Debug|Any CPU = Debug|Any CPU
		Release|Any CPU = Release|Any CPU
	EndGlobalSection
	GlobalSection(ProjectConfigurationPlatforms) = postSolution
		{468A1CFB-F89B-4BAA-9CB2-C6D318173C5E}.Debug|Any CPU.ActiveCfg = Debug|Any CPU
		{468A1CFB-F89B-4BAA-9CB2-C6D318173C5E}.Debug|Any CPU.Build.0 = Debug|Any CPU
		{468A1CFB-F89B-4BAA-9CB2-C6D318173C5E}.Release|Any CPU.ActiveCfg = Release|Any CPU
		{468A1CFB-F89B-4BAA-9CB2-C6D318173C5E}.Release|Any CPU.Build.0 = Release|Any CPU
	EndGlobalSection
	GlobalSection(SolutionProperties) = preSolution
		HideSolutionNode = FALSE
	EndGlobalSection
	GlobalSection(ExtensibilityGlobals) = postSolution
		SolutionGuid = {DD1DB94A-B82F-4AB5-A81F-FE9DEBC798D0}
	EndGlobalSection
EndGlobal
